
Microsoft Visual Studio Solution File, Format Version 12.00
# Visual Studio Version 17
VisualStudioVersion = 17.14.36518.9 d17.14
MinimumVisualStudioVersion = 10.0.40219.1
Project("{FAE04EC0-301F-11D3-BF4B-00C04F79EFBC}") = "CuaHangSach", "CuaHangSach\CuaHangSach.csproj", "{F81392EE-F9DD-473A-9D6E-E016A1FEAC81}"
EndProject
Global
	GlobalSection(SolutionConfigurationPlatforms) = preSolution
		Debug|Any CPU = Debug|Any CPU
		Release|Any CPU = Release|Any CPU
	EndGlobalSection
	GlobalSection(ProjectConfigurationPlatforms) = postSolution
		{F81392EE-F9DD-473A-9D6E-E016A1FEAC81}.Debug|Any CPU.ActiveCfg = Debug|Any CPU
		{F81392EE-F9DD-473A-9D6E-E016A1FEAC81}.Debug|Any CPU.Build.0 = Debug|Any CPU
		{F81392EE-F9DD-473A-9D6E-E016A1FEAC81}.Release|Any CPU.ActiveCfg = Release|Any CPU
		{F81392EE-F9DD-473A-9D6E-E016A1FEAC81}.Release|Any CPU.Build.0 = Release|Any CPU
	EndGlobalSection
	GlobalSection(SolutionProperties) = preSolution
		HideSolutionNode = FALSE
	EndGlobalSection
	GlobalSection(ExtensibilityGlobals) = postSolution
		SolutionGuid = {AA19E773-00EF-418C-9D1A-B9C71E228C13}
	EndGlobalSection
EndGlobal
